// !$*UTF8*$!
{
	archiveVersion = 1;
	classes = {
	};
	objectVersion = 56;
	objects = {

/* Begin PBXBuildFile section */
		57A4DA8B2DCCBC4300950FED /* AboutView.swift in Sources */ = {isa = PBXBuildFile; fileRef = 57A4DA8A2DCCBC4300950FED /* AboutView.swift */; };
		57A4DA8D2DCCCA0400950FED /* SettingsView.swift in Sources */ = {isa = PBXBuildFile; fileRef = 57A4DA8C2DCCCA0400950FED /* SettingsView.swift */; };
		57A4DA8F2DCCCA4800950FED /* EncryptView.swift in Sources */ = {isa = PBXBuildFile; fileRef = 57A4DA8E2DCCCA4800950FED /* EncryptView.swift */; };
		57A4DA912DCCCA8400950FED /* DecryptView.swift in Sources */ = {isa = PBXBuildFile; fileRef = 57A4DA902DCCCA8400950FED /* DecryptView.swift */; };
		57A4DA932DCD28ED00950FED /* ViewExtensions.swift in Sources */ = {isa = PBXBuildFile; fileRef = 57A4DA922DCD28ED00950FED /* ViewExtensions.swift */; };
		57B206592DCBFED50079B797 /* Dncryptor101App.swift in Sources */ = {isa = PBXBuildFile; fileRef = 57B206582DCBFED50079B797 /* Dncryptor101App.swift */; };
		57B2065B2DCBFED60079B797 /* ContentView.swift in Sources */ = {isa = PBXBuildFile; fileRef = 57B2065A2DCBFED60079B797 /* ContentView.swift */; };
		57B2065D2DCBFED90079B797 /* Assets.xcassets in Resources */ = {isa = PBXBuildFile; fileRef = 57B2065C2DCBFED90079B797 /* Assets.xcassets */; };
		57B206612DCBFED90079B797 /* Preview Assets.xcassets in Resources */ = {isa = PBXBuildFile; fileRef = 57B206602DCBFED90079B797 /* Preview Assets.xcassets */; };
		57B206682DCC12030079B797 /* AppIcon.swift in Sources */ = {isa = PBXBuildFile; fileRef = 57B206672DCC12030079B797 /* AppIcon.swift */; };
/* End PBXBuildFile section */

/* Begin PBXFileReference section */
		57A4DA8A2DCCBC4300950FED /* AboutView.swift */ = {isa = PBXFileReference; lastKnownFileType = sourcecode.swift; path = AboutView.swift; sourceTree = "<group>"; };
		57A4DA8C2DCCCA0400950FED /* SettingsView.swift */ = {isa = PBXFileReference; lastKnownFileType = sourcecode.swift; path = SettingsView.swift; sourceTree = "<group>"; };
		57A4DA8E2DCCCA4800950FED /* EncryptView.swift */ = {isa = PBXFileReference; lastKnownFileType = sourcecode.swift; path = EncryptView.swift; sourceTree = "<group>"; };
		57A4DA902DCCCA8400950FED /* DecryptView.swift */ = {isa = PBXFileReference; lastKnownFileType = sourcecode.swift; path = DecryptView.swift; sourceTree = "<group>"; };
		57A4DA922DCD28ED00950FED /* ViewExtensions.swift */ = {isa = PBXFileReference; lastKnownFileType = sourcecode.swift; path = ViewExtensions.swift; sourceTree = "<group>"; };
		57B206552DCBFED50079B797 /* Dncryptor101.app */ = {isa = PBXFileReference; explicitFileType = wrapper.application; includeInIndex = 0; path = Dncryptor101.app; sourceTree = BUILT_PRODUCTS_DIR; };
		57B206582DCBFED50079B797 /* Dncryptor101App.swift */ = {isa = PBXFileReference; lastKnownFileType = sourcecode.swift; path = Dncryptor101App.swift; sourceTree = "<group>"; };
		57B2065A2DCBFED60079B797 /* ContentView.swift */ = {isa = PBXFileReference; lastKnownFileType = sourcecode.swift; path = ContentView.swift; sourceTree = "<group>"; };
		57B2065C2DCBFED90079B797 /* Assets.xcassets */ = {isa = PBXFileReference; lastKnownFileType = folder.assetcatalog; path = Assets.xcassets; sourceTree = "<group>"; };
		57B2065E2DCBFED90079B797 /* Dncryptor101.entitlements */ = {isa = PBXFileReference; lastKnownFileType = text.plist.entitlements; path = Dncryptor101.entitlements; sourceTree = "<group>"; };
		57B206602DCBFED90079B797 /* Preview Assets.xcassets */ = {isa = PBXFileReference; lastKnownFileType = folder.assetcatalog; path = "Preview Assets.xcassets"; sourceTree = "<group>"; };
		57B206672DCC12030079B797 /* AppIcon.swift */ = {isa = PBXFileReference; lastKnownFileType = sourcecode.swift; path = AppIcon.swift; sourceTree = "<group>"; };
/* End PBXFileReference section */

/* Begin PBXFrameworksBuildPhase section */
		57B206522DCBFED50079B797 /* Frameworks */ = {
			isa = PBXFrameworksBuildPhase;
			buildActionMask = 2147483647;
			files = (
			);
			runOnlyForDeploymentPostprocessing = 0;
		};
/* End PBXFrameworksBuildPhase section */

/* Begin PBXGroup section */
		57B2064C2DCBFED50079B797 = {
			isa = PBXGroup;
			children = (
				57B206572DCBFED50079B797 /* Dncryptor101 */,
				57B206562DCBFED50079B797 /* Products */,
			);
			sourceTree = "<group>";
		};
		57B206562DCBFED50079B797 /* Products */ = {
			isa = PBXGroup;
			children = (
				57B206552DCBFED50079B797 /* Dncryptor101.app */,
			);
			name = Products;
			sourceTree = "<group>";
		};
		57B206572DCBFED50079B797 /* Dncryptor101 */ = {
			isa = PBXGroup;
			children = (
				57B206582DCBFED50079B797 /* Dncryptor101App.swift */,
				57B2065A2DCBFED60079B797 /* ContentView.swift */,
				57B2065C2DCBFED90079B797 /* Assets.xcassets */,
				57B2065E2DCBFED90079B797 /* Dncryptor101.entitlements */,
				57B2065F2DCBFED90079B797 /* Preview Content */,
				57B206672DCC12030079B797 /* AppIcon.swift */,
				57A4DA8A2DCCBC4300950FED /* AboutView.swift */,
				57A4DA8C2DCCCA0400950FED /* SettingsView.swift */,
				57A4DA8E2DCCCA4800950FED /* EncryptView.swift */,
				57A4DA902DCCCA8400950FED /* DecryptView.swift */,
				57A4DA922DCD28ED00950FED /* ViewExtensions.swift */,
			);
			path = Dncryptor101;
			sourceTree = "<group>";
		};
		57B2065F2DCBFED90079B797 /* Preview Content */ = {
			isa = PBXGroup;
			children = (
				57B206602DCBFED90079B797 /* Preview Assets.xcassets */,
			);
			path = "Preview Content";
			sourceTree = "<group>";
		};
/* End PBXGroup section */

/* Begin PBXNativeTarget section */
		57B206542DCBFED50079B797 /* Dncryptor101 */ = {
			isa = PBXNativeTarget;
			buildConfigurationList = 57B206642DCBFED90079B797 /* Build configuration list for PBXNativeTarget "Dncryptor101" */;
			buildPhases = (
				57B206512DCBFED50079B797 /* Sources */,
				57B206522DCBFED50079B797 /* Frameworks */,
				57B206532DCBFED50079B797 /* Resources */,
			);
			buildRules = (
			);
			dependencies = (
			);
			name = Dncryptor101;
			productName = Dncryptor101;
			productReference = 57B206552DCBFED50079B797 /* Dncryptor101.app */;
			productType = "com.apple.product-type.application";
		};
/* End PBXNativeTarget section */

/* Begin PBXProject section */
		57B2064D2DCBFED50079B797 /* Project object */ = {
			isa = PBXProject;
			attributes = {
				BuildIndependentTargetsInParallel = 1;
				LastSwiftUpdateCheck = 1520;
				LastUpgradeCheck = 1520;
				TargetAttributes = {
					57B206542DCBFED50079B797 = {
						CreatedOnToolsVersion = 15.2;
					};
				};
			};
			buildConfigurationList = 57B206502DCBFED50079B797 /* Build configuration list for PBXProject "Dncryptor101" */;
			compatibilityVersion = "Xcode 14.0";
			developmentRegion = en;
			hasScannedForEncodings = 0;
			knownRegions = (
				en,
				Base,
			);
			mainGroup = 57B2064C2DCBFED50079B797;
			productRefGroup = 57B206562DCBFED50079B797 /* Products */;
			projectDirPath = "";
			projectRoot = "";
			targets = (
				57B206542DCBFED50079B797 /* Dncryptor101 */,
			);
		};
/* End PBXProject section */

/* Begin PBXResourcesBuildPhase section */
		57B206532DCBFED50079B797 /* Resources */ = {
			isa = PBXResourcesBuildPhase;
			buildActionMask = 2147483647;
			files = (
				57B206612DCBFED90079B797 /* Preview Assets.xcassets in Resources */,
				57B2065D2DCBFED90079B797 /* Assets.xcassets in Resources */,
			);
			runOnlyForDeploymentPostprocessing = 0;
		};
/* End PBXResourcesBuildPhase section */

/* Begin PBXSourcesBuildPhase section */
		57B206512DCBFED50079B797 /* Sources */ = {
			isa = PBXSourcesBuildPhase;
			buildActionMask = 2147483647;
			files = (
				57A4DA8D2DCCCA0400950FED /* SettingsView.swift in Sources */,
				57A4DA8B2DCCBC4300950FED /* AboutView.swift in Sources */,
				57A4DA932DCD28ED00950FED /* ViewExtensions.swift in Sources */,
				57A4DA912DCCCA8400950FED /* DecryptView.swift in Sources */,
				57B2065B2DCBFED60079B797 /* ContentView.swift in Sources */,
				57B206592DCBFED50079B797 /* Dncryptor101App.swift in Sources */,
				57A4DA8F2DCCCA4800950FED /* EncryptView.swift in Sources */,
				57B206682DCC12030079B797 /* AppIcon.swift in Sources */,
			);
			runOnlyForDeploymentPostprocessing = 0;
		};
/* End PBXSourcesBuildPhase section */

/* Begin XCBuildConfiguration section */
		57B206622DCBFED90079B797 /* Debug */ = {
			isa = XCBuildConfiguration;
			buildSettings = {
				ALWAYS_SEARCH_USER_PATHS = NO;
				ASSETCATALOG_COMPILER_GENERATE_SWIFT_ASSET_SYMBOL_EXTENSIONS = YES;
				CLANG_ANALYZER_NONNULL = YES;
				CLANG_ANALYZER_NUMBER_OBJECT_CONVERSION = YES_AGGRESSIVE;
				CLANG_CXX_LANGUAGE_STANDARD = "gnu++20";
				CLANG_ENABLE_MODULES = YES;
				CLANG_ENABLE_OBJC_ARC = YES;
				CLANG_ENABLE_OBJC_WEAK = YES;
				CLANG_WARN_BLOCK_CAPTURE_AUTORELEASING = YES;
				CLANG_WARN_BOOL_CONVERSION = YES;
				CLANG_WARN_COMMA = YES;
				CLANG_WARN_CONSTANT_CONVERSION = YES;
				CLANG_WARN_DEPRECATED_OBJC_IMPLEMENTATIONS = YES;
				CLANG_WARN_DIRECT_OBJC_ISA_USAGE = YES_ERROR;
				CLANG_WARN_DOCUMENTATION_COMMENTS = YES;
				CLANG_WARN_EMPTY_BODY = YES;
				CLANG_WARN_ENUM_CONVERSION = YES;
				CLANG_WARN_INFINITE_RECURSION = YES;
				CLANG_WARN_INT_CONVERSION = YES;
				CLANG_WARN_NON_LITERAL_NULL_CONVERSION = YES;
				CLANG_WARN_OBJC_IMPLICIT_RETAIN_SELF = YES;
				CLANG_WARN_OBJC_LITERAL_CONVERSION = YES;
				CLANG_WARN_OBJC_ROOT_CLASS = YES_ERROR;
				CLANG_WARN_QUOTED_INCLUDE_IN_FRAMEWORK_HEADER = YES;
				CLANG_WARN_RANGE_LOOP_ANALYSIS = YES;
				CLANG_WARN_STRICT_PROTOTYPES = YES;
				CLANG_WARN_SUSPICIOUS_MOVE = YES;
				CLANG_WARN_UNGUARDED_AVAILABILITY = YES_AGGRESSIVE;
				CLANG_WARN_UNREACHABLE_CODE = YES;
				CLANG_WARN__DUPLICATE_METHOD_MATCH = YES;
				COPY_PHASE_STRIP = NO;
				DEBUG_INFORMATION_FORMAT = dwarf;
				ENABLE_STRICT_OBJC_MSGSEND = YES;
				ENABLE_TESTABILITY = YES;
				ENABLE_USER_SCRIPT_SANDBOXING = YES;
				GCC_C_LANGUAGE_STANDARD = gnu17;
				GCC_DYNAMIC_NO_PIC = NO;
				GCC_NO_COMMON_BLOCKS = YES;
				GCC_OPTIMIZATION_LEVEL = 0;
				GCC_PREPROCESSOR_DEFINITIONS = (
					"DEBUG=1",
					"$(inherited)",
				);
				GCC_WARN_64_TO_32_BIT_CONVERSION = YES;
				GCC_WARN_ABOUT_RETURN_TYPE = YES_ERROR;
				GCC_WARN_UNDECLARED_SELECTOR = YES;
				GCC_WARN_UNINITIALIZED_AUTOS = YES_AGGRESSIVE;
				GCC_WARN_UNUSED_FUNCTION = YES;
				GCC_WARN_UNUSED_VARIABLE = YES;
				LOCALIZATION_PREFERS_STRING_CATALOGS = YES;
				MTL_ENABLE_DEBUG_INFO = INCLUDE_SOURCE;
				MTL_FAST_MATH = YES;
				ONLY_ACTIVE_ARCH = YES;
				SWIFT_ACTIVE_COMPILATION_CONDITIONS = "DEBUG $(inherited)";
				SWIFT_OPTIMIZATION_LEVEL = "-Onone";
			};
			name = Debug;
		};
		57B206632DCBFED90079B797 /* Release */ = {
			isa = XCBuildConfiguration;
			buildSettings = {
				ALWAYS_SEARCH_USER_PATHS = NO;
				ASSETCATALOG_COMPILER_GENERATE_SWIFT_ASSET_SYMBOL_EXTENSIONS = YES;
				CLANG_ANALYZER_NONNULL = YES;
				CLANG_ANALYZER_NUMBER_OBJECT_CONVERSION = YES_AGGRESSIVE;
				CLANG_CXX_LANGUAGE_STANDARD = "gnu++20";
				CLANG_ENABLE_MODULES = YES;
				CLANG_ENABLE_OBJC_ARC = YES;
				CLANG_ENABLE_OBJC_WEAK = YES;
				CLANG_WARN_BLOCK_CAPTURE_AUTORELEASING = YES;
				CLANG_WARN_BOOL_CONVERSION = YES;
				CLANG_WARN_COMMA = YES;
				CLANG_WARN_CONSTANT_CONVERSION = YES;
				CLANG_WARN_DEPRECATED_OBJC_IMPLEMENTATIONS = YES;
				CLANG_WARN_DIRECT_OBJC_ISA_USAGE = YES_ERROR;
				CLANG_WARN_DOCUMENTATION_COMMENTS = YES;
				CLANG_WARN_EMPTY_BODY = YES;
				CLANG_WARN_ENUM_CONVERSION = YES;
				CLANG_WARN_INFINITE_RECURSION = YES;
				CLANG_WARN_INT_CONVERSION = YES;
				CLANG_WARN_NON_LITERAL_NULL_CONVERSION = YES;
				CLANG_WARN_OBJC_IMPLICIT_RETAIN_SELF = YES;
				CLANG_WARN_OBJC_LITERAL_CONVERSION = YES;
				CLANG_WARN_OBJC_ROOT_CLASS = YES_ERROR;
				CLANG_WARN_QUOTED_INCLUDE_IN_FRAMEWORK_HEADER = YES;
				CLANG_WARN_RANGE_LOOP_ANALYSIS = YES;
				CLANG_WARN_STRICT_PROTOTYPES = YES;
				CLANG_WARN_SUSPICIOUS_MOVE = YES;
				CLANG_WARN_UNGUARDED_AVAILABILITY = YES_AGGRESSIVE;
				CLANG_WARN_UNREACHABLE_CODE = YES;
				CLANG_WARN__DUPLICATE_METHOD_MATCH = YES;
				COPY_PHASE_STRIP = NO;
				DEBUG_INFORMATION_FORMAT = "dwarf-with-dsym";
				ENABLE_NS_ASSERTIONS = NO;
				ENABLE_STRICT_OBJC_MSGSEND = YES;
				ENABLE_USER_SCRIPT_SANDBOXING = YES;
				GCC_C_LANGUAGE_STANDARD = gnu17;
				GCC_NO_COMMON_BLOCKS = YES;
				GCC_WARN_64_TO_32_BIT_CONVERSION = YES;
				GCC_WARN_ABOUT_RETURN_TYPE = YES_ERROR;
				GCC_WARN_UNDECLARED_SELECTOR = YES;
				GCC_WARN_UNINITIALIZED_AUTOS = YES_AGGRESSIVE;
				GCC_WARN_UNUSED_FUNCTION = YES;
				GCC_WARN_UNUSED_VARIABLE = YES;
				LOCALIZATION_PREFERS_STRING_CATALOGS = YES;
				MTL_ENABLE_DEBUG_INFO = NO;
				MTL_FAST_MATH = YES;
				SWIFT_COMPILATION_MODE = wholemodule;
			};
			name = Release;
		};
		57B206652DCBFED90079B797 /* Debug */ = {
			isa = XCBuildConfiguration;
			buildSettings = {
				ASSETCATALOG_COMPILER_APPICON_NAME = AppIcon;
				ASSETCATALOG_COMPILER_GLOBAL_ACCENT_COLOR_NAME = AccentColor;
				CODE_SIGN_ENTITLEMENTS = Dncryptor101/Dncryptor101.entitlements;
				CODE_SIGN_STYLE = Automatic;
				CURRENT_PROJECT_VERSION = 1;
				DEVELOPMENT_ASSET_PATHS = "\"Dncryptor101/Preview Content\"";
				DEVELOPMENT_TEAM = 82MWK23YNM;
				ENABLE_HARDENED_RUNTIME = YES;
				ENABLE_PREVIEWS = YES;
				GENERATE_INFOPLIST_FILE = YES;
				"INFOPLIST_KEY_UIApplicationSceneManifest_Generation[sdk=iphoneos*]" = YES;
				"INFOPLIST_KEY_UIApplicationSceneManifest_Generation[sdk=iphonesimulator*]" = YES;
				"INFOPLIST_KEY_UIApplicationSupportsIndirectInputEvents[sdk=iphoneos*]" = YES;
				"INFOPLIST_KEY_UIApplicationSupportsIndirectInputEvents[sdk=iphonesimulator*]" = YES;
				"INFOPLIST_KEY_UILaunchScreen_Generation[sdk=iphoneos*]" = YES;
				"INFOPLIST_KEY_UILaunchScreen_Generation[sdk=iphonesimulator*]" = YES;
				"INFOPLIST_KEY_UIStatusBarStyle[sdk=iphoneos*]" = UIStatusBarStyleDefault;
				"INFOPLIST_KEY_UIStatusBarStyle[sdk=iphonesimulator*]" = UIStatusBarStyleDefault;
				INFOPLIST_KEY_UISupportedInterfaceOrientations_iPad = "UIInterfaceOrientationPortrait UIInterfaceOrientationPortraitUpsideDown UIInterfaceOrientationLandscapeLeft UIInterfaceOrientationLandscapeRight";
				INFOPLIST_KEY_UISupportedInterfaceOrientations_iPhone = "UIInterfaceOrientationPortrait UIInterfaceOrientationLandscapeLeft UIInterfaceOrientationLandscapeRight";
				IPHONEOS_DEPLOYMENT_TARGET = 15.0;
				LD_RUNPATH_SEARCH_PATHS = "@executable_path/Frameworks";
				"LD_RUNPATH_SEARCH_PATHS[sdk=macosx*]" = "@executable_path/../Frameworks";
				MACOSX_DEPLOYMENT_TARGET = 13.7;
				MARKETING_VERSION = 1.0;
				PRODUCT_BUNDLE_IDENTIFIER = ru.denis0001dev.Dncryptor101;
				PRODUCT_NAME = "$(TARGET_NAME)";
				SDKROOT = auto;
				SUPPORTED_PLATFORMS = "iphoneos iphonesimulator macosx";
				SWIFT_EMIT_LOC_STRINGS = YES;
				SWIFT_VERSION = 5.0;
				TARGETED_DEVICE_FAMILY = "1,2";
			};
			name = Debug;
		};
		57B206662DCBFED90079B797 /* Release */ = {
			isa = XCBuildConfiguration;
			buildSettings = {
				ASSETCATALOG_COMPILER_APPICON_NAME = AppIcon;
				ASSETCATALOG_COMPILER_GLOBAL_ACCENT_COLOR_NAME = AccentColor;
				CODE_SIGN_ENTITLEMENTS = Dncryptor101/Dncryptor101.entitlements;
				CODE_SIGN_STYLE = Automatic;
				CURRENT_PROJECT_VERSION = 1;
				DEVELOPMENT_ASSET_PATHS = "\"Dncryptor101/Preview Content\"";
				DEVELOPMENT_TEAM = 82MWK23YNM;
				ENABLE_HARDENED_RUNTIME = YES;
				ENABLE_PREVIEWS = YES;
				GENERATE_INFOPLIST_FILE = YES;
				"INFOPLIST_KEY_UIApplicationSceneManifest_Generation[sdk=iphoneos*]" = YES;
				"INFOPLIST_KEY_UIApplicationSceneManifest_Generation[sdk=iphonesimulator*]" = YES;
				"INFOPLIST_KEY_UIApplicationSupportsIndirectInputEvents[sdk=iphoneos*]" = YES;
				"INFOPLIST_KEY_UIApplicationSupportsIndirectInputEvents[sdk=iphonesimulator*]" = YES;
				"INFOPLIST_KEY_UILaunchScreen_Generation[sdk=iphoneos*]" = YES;
				"INFOPLIST_KEY_UILaunchScreen_Generation[sdk=iphonesimulator*]" = YES;
				"INFOPLIST_KEY_UIStatusBarStyle[sdk=iphoneos*]" = UIStatusBarStyleDefault;
				"INFOPLIST_KEY_UIStatusBarStyle[sdk=iphonesimulator*]" = UIStatusBarStyleDefault;
				INFOPLIST_KEY_UISupportedInterfaceOrientations_iPad = "UIInterfaceOrientationPortrait UIInterfaceOrientationPortraitUpsideDown UIInterfaceOrientationLandscapeLeft UIInterfaceOrientationLandscapeRight";
				INFOPLIST_KEY_UISupportedInterfaceOrientations_iPhone = "UIInterfaceOrientationPortrait UIInterfaceOrientationLandscapeLeft UIInterfaceOrientationLandscapeRight";
				IPHONEOS_DEPLOYMENT_TARGET = 15.0;
				LD_RUNPATH_SEARCH_PATHS = "@executable_path/Frameworks";
				"LD_RUNPATH_SEARCH_PATHS[sdk=macosx*]" = "@executable_path/../Frameworks";
				MACOSX_DEPLOYMENT_TARGET = 13.7;
				MARKETING_VERSION = 1.0;
				PRODUCT_BUNDLE_IDENTIFIER = ru.denis0001dev.Dncryptor101;
				PRODUCT_NAME = "$(TARGET_NAME)";
				SDKROOT = auto;
				SUPPORTED_PLATFORMS = "iphoneos iphonesimulator macosx";
				SWIFT_EMIT_LOC_STRINGS = YES;
				SWIFT_VERSION = 5.0;
				TARGETED_DEVICE_FAMILY = "1,2";
			};
			name = Release;
		};
/* End XCBuildConfiguration section */

/* Begin XCConfigurationList section */
		57B206502DCBFED50079B797 /* Build configuration list for PBXProject "Dncryptor101" */ = {
			isa = XCConfigurationList;
			buildConfigurations = (
				57B206622DCBFED90079B797 /* Debug */,
				57B206632DCBFED90079B797 /* Release */,
			);
			defaultConfigurationIsVisible = 0;
			defaultConfigurationName = Release;
		};
		57B206642DCBFED90079B797 /* Build configuration list for PBXNativeTarget "Dncryptor101" */ = {
			isa = XCConfigurationList;
			buildConfigurations = (
				57B206652DCBFED90079B797 /* Debug */,
				57B206662DCBFED90079B797 /* Release */,
			);
			defaultConfigurationIsVisible = 0;
			defaultConfigurationName = Release;
		};
/* End XCConfigurationList section */
	};
	rootObject = 57B2064D2DCBFED50079B797 /* Project object */;
}
